# This file is autogenerated, do not edit; changes may be undone by the next 'dep ensure'.


[[projects]]
  branch = "master"
  name = "github.com/agl/ed25519"
  packages = [
    ".",
    "edwards25519"
  ]
  revision = "5312a61534124124185d41f09206b9fef1d88403"

[[projects]]
  branch = "master"
  name = "github.com/btcsuite/go-flags"
  packages = ["."]
  revision = "6c288d648c1cc1befcb90cb5511dcacf64ae8e61"

[[projects]]
  name = "github.com/dchest/blake256"
  packages = ["."]
  revision = "dee3fe6eb0e98dc774a94fc231f85baf7c29d360"
  version = "v1.0.0"

[[projects]]
  name = "github.com/decred/base58"
  packages = ["."]
  revision = "56c501706f00d9e1cfacee19a27117e12da24734"
  version = "v1.0.0"

[[projects]]
  branch = "master"
  name = "github.com/decred/dcrd"
  packages = [
    "chaincfg",
    "chaincfg/chainec",
    "chaincfg/chainhash",
    "dcrec",
    "dcrec/edwards",
    "dcrec/secp256k1",
    "dcrec/secp256k1/schnorr",
    "dcrutil",
    "hdkeychain",
    "wire"
  ]
  revision = "245c82557c3e95ae6d56c6594d6f20bb12c9893a"

[[projects]]
  name = "github.com/tyler-smith/go-bip39"
  packages = [
    ".",
    "wordlists"
  ]
  revision = "2af0a847066a4f2669040ccd44a79c8eca10806a"
  version = "v1"

[[projects]]
  branch = "master"
  name = "golang.org/x/crypto"
  packages = [
    "pbkdf2",
    "ripemd160",
    "ssh/terminal"
  ]
  revision = "c126467f60eb25f8f27e5a981f32a87e3965053f"

[[projects]]
  branch = "master"
  name = "golang.org/x/sys"
  packages = [
    "unix",
    "windows"
  ]
  revision = "e072cadbbdc8dd3d3ffa82b8b4b9304c261d9311"

[solve-meta]
  analyzer-name = "dep"
  analyzer-version = 1
  inputs-digest = "0505f9710ccb8fb0a130e45653e778fb65f5326a587841f5085b787bb4e9b9f0"
  solver-name = "gps-cdcl"
  solver-version = 1
